
Microsoft Visual Studio Solution File, Format Version 12.00
# Visual Studio Version 16
VisualStudioVersion = 16.0.28803.452
MinimumVisualStudioVersion = 10.0.40219.1
Project("{FAE04EC0-301F-11D3-BF4B-00C04F79EFBC}") = "WebService", "WebService\WebService.csproj", "{630872C0-2437-4A8F-81D5-1369098BB16B}"
EndProject
Project("{FAE04EC0-301F-11D3-BF4B-00C04F79EFBC}") = "Dominion.DynamicStrategyLoader", "DynamicStrategyLoader\Dominion.DynamicStrategyLoader.csproj", "{56774744-F31A-4F22-A6FF-89C7488D243C}"
EndProject
Project("{FAE04EC0-301F-11D3-BF4B-00C04F79EFBC}") = "Resources", "Resources\Resources.csproj", "{197A9851-301C-4DF5-9799-C34BFB7B6B34}"
EndProject
Project("{FAE04EC0-301F-11D3-BF4B-00C04F79EFBC}") = "Dominion.BuiltInStrategies", "BuiltInStrategies\Dominion.BuiltInStrategies.csproj", "{ECFFDBDF-F966-4076-98F9-9366DAB6D7CD}"
EndProject
Project("{FAE04EC0-301F-11D3-BF4B-00C04F79EFBC}") = "Dominion.Strategy.Optimizer", "Dominion.StrategyOptimizer\Dominion.Strategy.Optimizer.csproj", "{7636A8DF-B2A9-4598-A7EF-D4F4DCF5AC9A}"
EndProject
Project("{FAE04EC0-301F-11D3-BF4B-00C04F79EFBC}") = "TestOutput", "TestOutput\TestOutput.csproj", "{B75DCC9F-3A30-4934-B10B-11EFB7049CFB}"
EndProject
Project("{2150E333-8FDC-42A3-9474-1A3956D46DE8}") = "TestPrograms", "TestPrograms", "{34A40E3A-AE7A-4CE2-A21D-E3E607296019}"
EndProject
Project("{FAE04EC0-301F-11D3-BF4B-00C04F79EFBC}") = "TestStrategyOptimizer", "TestPrograms\TestStrategyOptimizer\TestStrategyOptimizer.csproj", "{C70FCED0-315F-4D3E-A09A-4101D1E80BEB}"
EndProject
Project("{FAE04EC0-301F-11D3-BF4B-00C04F79EFBC}") = "ComparePlayers", "TestPrograms\ComparePlayers\ComparePlayers.csproj", "{350F1B63-533B-423E-8327-A65543322AFE}"
EndProject
Project("{FAE04EC0-301F-11D3-BF4B-00C04F79EFBC}") = "TestCompareStrategyVsAllKnownStrategies", "TestPrograms\TestCompareStrategyVsAllKnownStrategies\TestCompareStrategyVsAllKnownStrategies.csproj", "{22F3BF86-B040-4065-A332-9745E8111F10}"
EndProject
Project("{FAE04EC0-301F-11D3-BF4B-00C04F79EFBC}") = "TestAllCardsWithBigMoney", "TestPrograms\TestAllCardsWithBigMoney\TestAllCardsWithBigMoney.csproj", "{C8249921-CAD7-471E-AB09-44CDF411851D}"
EndProject
Project("{2150E333-8FDC-42A3-9474-1A3956D46DE8}") = "Solution Items", "Solution Items", "{6E0915B4-D60A-40A8-9889-F70788BC4C5C}"
	ProjectSection(SolutionItems) = preProject
		README.md = README.md
	EndProjectSection
EndProject
Project("{FAE04EC0-301F-11D3-BF4B-00C04F79EFBC}") = "Dominion", "Dominion\Dominion.csproj", "{BF6E2A5E-E0C3-4461-8EBE-40F942B4BFC8}"
EndProject
Project("{FAE04EC0-301F-11D3-BF4B-00C04F79EFBC}") = "Dominion.Strategy", "Dominion.Strategy\Dominion.Strategy.csproj", "{DE60F275-B1B5-40F4-BE3E-35805F42CCE3}"
EndProject
Project("{FAE04EC0-301F-11D3-BF4B-00C04F79EFBC}") = "Dominion.DataGathering", "DataGathering\Dominion.DataGathering.csproj", "{FBEB2733-2B59-4E3F-B1C6-7266953A5961}"
EndProject
Project("{FAE04EC0-301F-11D3-BF4B-00C04F79EFBC}") = "HtmlRenderer", "HtmlRenderer\HtmlRenderer.csproj", "{31CE0F10-4472-4CFF-B683-44B1F13B8D39}"
EndProject
Project("{FAE04EC0-301F-11D3-BF4B-00C04F79EFBC}") = "Dominulator", "Dominulator\Dominulator.csproj", "{743F549A-E38C-4703-B15B-DB591610720F}"
EndProject
Project("{FAE04EC0-301F-11D3-BF4B-00C04F79EFBC}") = "GatherAllImagesIntoRepository", "GatherAllImagesIntoRepository\GatherAllImagesIntoRepository.csproj", "{62DC5FA6-1DF0-4D73-9CA7-E8D316176256}"
EndProject
Global
	GlobalSection(SolutionConfigurationPlatforms) = preSolution
		Debug|Any CPU = Debug|Any CPU
		Debug|ARM = Debug|ARM
		Debug|x64 = Debug|x64
		Debug|x86 = Debug|x86
		Release|Any CPU = Release|Any CPU
		Release|ARM = Release|ARM
		Release|x64 = Release|x64
		Release|x86 = Release|x86
	EndGlobalSection
	GlobalSection(ProjectConfigurationPlatforms) = postSolution
		{630872C0-2437-4A8F-81D5-1369098BB16B}.Debug|Any CPU.ActiveCfg = Debug|Any CPU
		{630872C0-2437-4A8F-81D5-1369098BB16B}.Debug|Any CPU.Build.0 = Debug|Any CPU
		{630872C0-2437-4A8F-81D5-1369098BB16B}.Debug|ARM.ActiveCfg = Debug|Any CPU
		{630872C0-2437-4A8F-81D5-1369098BB16B}.Debug|x64.ActiveCfg = Debug|Any CPU
		{630872C0-2437-4A8F-81D5-1369098BB16B}.Debug|x86.ActiveCfg = Debug|Any CPU
		{630872C0-2437-4A8F-81D5-1369098BB16B}.Release|Any CPU.ActiveCfg = Release|Any CPU
		{630872C0-2437-4A8F-81D5-1369098BB16B}.Release|Any CPU.Build.0 = Release|Any CPU
		{630872C0-2437-4A8F-81D5-1369098BB16B}.Release|ARM.ActiveCfg = Release|Any CPU
		{630872C0-2437-4A8F-81D5-1369098BB16B}.Release|x64.ActiveCfg = Release|Any CPU
		{630872C0-2437-4A8F-81D5-1369098BB16B}.Release|x86.ActiveCfg = Release|Any CPU
		{56774744-F31A-4F22-A6FF-89C7488D243C}.Debug|Any CPU.ActiveCfg = Debug|Any CPU
		{56774744-F31A-4F22-A6FF-89C7488D243C}.Debug|Any CPU.Build.0 = Debug|Any CPU
		{56774744-F31A-4F22-A6FF-89C7488D243C}.Debug|ARM.ActiveCfg = Debug|Any CPU
		{56774744-F31A-4F22-A6FF-89C7488D243C}.Debug|x64.ActiveCfg = Debug|Any CPU
		{56774744-F31A-4F22-A6FF-89C7488D243C}.Debug|x86.ActiveCfg = Debug|Any CPU
		{56774744-F31A-4F22-A6FF-89C7488D243C}.Release|Any CPU.ActiveCfg = Release|Any CPU
		{56774744-F31A-4F22-A6FF-89C7488D243C}.Release|Any CPU.Build.0 = Release|Any CPU
		{56774744-F31A-4F22-A6FF-89C7488D243C}.Release|ARM.ActiveCfg = Release|Any CPU
		{56774744-F31A-4F22-A6FF-89C7488D243C}.Release|x64.ActiveCfg = Release|Any CPU
		{56774744-F31A-4F22-A6FF-89C7488D243C}.Release|x86.ActiveCfg = Release|Any CPU
		{197A9851-301C-4DF5-9799-C34BFB7B6B34}.Debug|Any CPU.ActiveCfg = Debug|Any CPU
		{197A9851-301C-4DF5-9799-C34BFB7B6B34}.Debug|Any CPU.Build.0 = Debug|Any CPU
		{197A9851-301C-4DF5-9799-C34BFB7B6B34}.Debug|ARM.ActiveCfg = Debug|Any CPU
		{197A9851-301C-4DF5-9799-C34BFB7B6B34}.Debug|x64.ActiveCfg = Debug|Any CPU
		{197A9851-301C-4DF5-9799-C34BFB7B6B34}.Debug|x86.ActiveCfg = Debug|Any CPU
		{197A9851-301C-4DF5-9799-C34BFB7B6B34}.Release|Any CPU.ActiveCfg = Release|Any CPU
		{197A9851-301C-4DF5-9799-C34BFB7B6B34}.Release|Any CPU.Build.0 = Release|Any CPU
		{197A9851-301C-4DF5-9799-C34BFB7B6B34}.Release|ARM.ActiveCfg = Release|Any CPU
		{197A9851-301C-4DF5-9799-C34BFB7B6B34}.Release|x64.ActiveCfg = Release|Any CPU
		{197A9851-301C-4DF5-9799-C34BFB7B6B34}.Release|x86.ActiveCfg = Release|Any CPU
		{ECFFDBDF-F966-4076-98F9-9366DAB6D7CD}.Debug|Any CPU.ActiveCfg = Debug|Any CPU
		{ECFFDBDF-F966-4076-98F9-9366DAB6D7CD}.Debug|Any CPU.Build.0 = Debug|Any CPU
		{ECFFDBDF-F966-4076-98F9-9366DAB6D7CD}.Debug|ARM.ActiveCfg = Debug|Any CPU
		{ECFFDBDF-F966-4076-98F9-9366DAB6D7CD}.Debug|x64.ActiveCfg = Debug|Any CPU
		{ECFFDBDF-F966-4076-98F9-9366DAB6D7CD}.Debug|x86.ActiveCfg = Debug|Any CPU
		{ECFFDBDF-F966-4076-98F9-9366DAB6D7CD}.Release|Any CPU.ActiveCfg = Release|Any CPU
		{ECFFDBDF-F966-4076-98F9-9366DAB6D7CD}.Release|Any CPU.Build.0 = Release|Any CPU
		{ECFFDBDF-F966-4076-98F9-9366DAB6D7CD}.Release|ARM.ActiveCfg = Release|Any CPU
		{ECFFDBDF-F966-4076-98F9-9366DAB6D7CD}.Release|x64.ActiveCfg = Release|Any CPU
		{ECFFDBDF-F966-4076-98F9-9366DAB6D7CD}.Release|x86.ActiveCfg = Release|Any CPU
		{7636A8DF-B2A9-4598-A7EF-D4F4DCF5AC9A}.Debug|Any CPU.ActiveCfg = Debug|Any CPU
		{7636A8DF-B2A9-4598-A7EF-D4F4DCF5AC9A}.Debug|Any CPU.Build.0 = Debug|Any CPU
		{7636A8DF-B2A9-4598-A7EF-D4F4DCF5AC9A}.Debug|ARM.ActiveCfg = Debug|Any CPU
		{7636A8DF-B2A9-4598-A7EF-D4F4DCF5AC9A}.Debug|x64.ActiveCfg = Debug|Any CPU
		{7636A8DF-B2A9-4598-A7EF-D4F4DCF5AC9A}.Debug|x86.ActiveCfg = Debug|Any CPU
		{7636A8DF-B2A9-4598-A7EF-D4F4DCF5AC9A}.Release|Any CPU.ActiveCfg = Release|Any CPU
		{7636A8DF-B2A9-4598-A7EF-D4F4DCF5AC9A}.Release|Any CPU.Build.0 = Release|Any CPU
		{7636A8DF-B2A9-4598-A7EF-D4F4DCF5AC9A}.Release|ARM.ActiveCfg = Release|Any CPU
		{7636A8DF-B2A9-4598-A7EF-D4F4DCF5AC9A}.Release|x64.ActiveCfg = Release|Any CPU
		{7636A8DF-B2A9-4598-A7EF-D4F4DCF5AC9A}.Release|x86.ActiveCfg = Release|Any CPU
		{B75DCC9F-3A30-4934-B10B-11EFB7049CFB}.Debug|Any CPU.ActiveCfg = Debug|Any CPU
		{B75DCC9F-3A30-4934-B10B-11EFB7049CFB}.Debug|Any CPU.Build.0 = Debug|Any CPU
		{B75DCC9F-3A30-4934-B10B-11EFB7049CFB}.Debug|ARM.ActiveCfg = Debug|Any CPU
		{B75DCC9F-3A30-4934-B10B-11EFB7049CFB}.Debug|x64.ActiveCfg = Debug|Any CPU
		{B75DCC9F-3A30-4934-B10B-11EFB7049CFB}.Debug|x86.ActiveCfg = Debug|Any CPU
		{B75DCC9F-3A30-4934-B10B-11EFB7049CFB}.Release|Any CPU.ActiveCfg = Release|Any CPU
		{B75DCC9F-3A30-4934-B10B-11EFB7049CFB}.Release|Any CPU.Build.0 = Release|Any CPU
		{B75DCC9F-3A30-4934-B10B-11EFB7049CFB}.Release|ARM.ActiveCfg = Release|Any CPU
		{B75DCC9F-3A30-4934-B10B-11EFB7049CFB}.Release|x64.ActiveCfg = Release|Any CPU
		{B75DCC9F-3A30-4934-B10B-11EFB7049CFB}.Release|x86.ActiveCfg = Release|Any CPU
		{C70FCED0-315F-4D3E-A09A-4101D1E80BEB}.Debug|Any CPU.ActiveCfg = Debug|Any CPU
		{C70FCED0-315F-4D3E-A09A-4101D1E80BEB}.Debug|Any CPU.Build.0 = Debug|Any CPU
		{C70FCED0-315F-4D3E-A09A-4101D1E80BEB}.Debug|ARM.ActiveCfg = Debug|Any CPU
		{C70FCED0-315F-4D3E-A09A-4101D1E80BEB}.Debug|x64.ActiveCfg = Debug|Any CPU
		{C70FCED0-315F-4D3E-A09A-4101D1E80BEB}.Debug|x86.ActiveCfg = Debug|Any CPU
		{C70FCED0-315F-4D3E-A09A-4101D1E80BEB}.Release|Any CPU.ActiveCfg = Release|Any CPU
		{C70FCED0-315F-4D3E-A09A-4101D1E80BEB}.Release|Any CPU.Build.0 = Release|Any CPU
		{C70FCED0-315F-4D3E-A09A-4101D1E80BEB}.Release|ARM.ActiveCfg = Release|Any CPU
		{C70FCED0-315F-4D3E-A09A-4101D1E80BEB}.Release|x64.ActiveCfg = Release|Any CPU
		{C70FCED0-315F-4D3E-A09A-4101D1E80BEB}.Release|x86.ActiveCfg = Release|Any CPU
		{350F1B63-533B-423E-8327-A65543322AFE}.Debug|Any CPU.ActiveCfg = Debug|Any CPU
		{350F1B63-533B-423E-8327-A65543322AFE}.Debug|Any CPU.Build.0 = Debug|Any CPU
		{350F1B63-533B-423E-8327-A65543322AFE}.Debug|ARM.ActiveCfg = Debug|Any CPU
		{350F1B63-533B-423E-8327-A65543322AFE}.Debug|x64.ActiveCfg = Debug|Any CPU
		{350F1B63-533B-423E-8327-A65543322AFE}.Debug|x86.ActiveCfg = Debug|Any CPU
		{350F1B63-533B-423E-8327-A65543322AFE}.Release|Any CPU.ActiveCfg = Release|Any CPU
		{350F1B63-533B-423E-8327-A65543322AFE}.Release|Any CPU.Build.0 = Release|Any CPU
		{350F1B63-533B-423E-8327-A65543322AFE}.Release|ARM.ActiveCfg = Release|Any CPU
		{350F1B63-533B-423E-8327-A65543322AFE}.Release|x64.ActiveCfg = Release|Any CPU
		{350F1B63-533B-423E-8327-A65543322AFE}.Release|x86.ActiveCfg = Release|Any CPU
		{22F3BF86-B040-4065-A332-9745E8111F10}.Debug|Any CPU.ActiveCfg = Debug|Any CPU
		{22F3BF86-B040-4065-A332-9745E8111F10}.Debug|Any CPU.Build.0 = Debug|Any CPU
		{22F3BF86-B040-4065-A332-9745E8111F10}.Debug|ARM.ActiveCfg = Debug|Any CPU
		{22F3BF86-B040-4065-A332-9745E8111F10}.Debug|x64.ActiveCfg = Debug|Any CPU
		{22F3BF86-B040-4065-A332-9745E8111F10}.Debug|x86.ActiveCfg = Debug|Any CPU
		{22F3BF86-B040-4065-A332-9745E8111F10}.Release|Any CPU.ActiveCfg = Release|Any CPU
		{22F3BF86-B040-4065-A332-9745E8111F10}.Release|Any CPU.Build.0 = Release|Any CPU
		{22F3BF86-B040-4065-A332-9745E8111F10}.Release|ARM.ActiveCfg = Release|Any CPU
		{22F3BF86-B040-4065-A332-9745E8111F10}.Release|x64.ActiveCfg = Release|Any CPU
		{22F3BF86-B040-4065-A332-9745E8111F10}.Release|x86.ActiveCfg = Release|Any CPU
		{C8249921-CAD7-471E-AB09-44CDF411851D}.Debug|Any CPU.ActiveCfg = Debug|Any CPU
		{C8249921-CAD7-471E-AB09-44CDF411851D}.Debug|Any CPU.Build.0 = Debug|Any CPU
		{C8249921-CAD7-471E-AB09-44CDF411851D}.Debug|ARM.ActiveCfg = Debug|Any CPU
		{C8249921-CAD7-471E-AB09-44CDF411851D}.Debug|x64.ActiveCfg = Debug|Any CPU
		{C8249921-CAD7-471E-AB09-44CDF411851D}.Debug|x86.ActiveCfg = Debug|Any CPU
		{C8249921-CAD7-471E-AB09-44CDF411851D}.Release|Any CPU.ActiveCfg = Release|Any CPU
		{C8249921-CAD7-471E-AB09-44CDF411851D}.Release|Any CPU.Build.0 = Release|Any CPU
		{C8249921-CAD7-471E-AB09-44CDF411851D}.Release|ARM.ActiveCfg = Release|Any CPU
		{C8249921-CAD7-471E-AB09-44CDF411851D}.Release|x64.ActiveCfg = Release|Any CPU
		{C8249921-CAD7-471E-AB09-44CDF411851D}.Release|x86.ActiveCfg = Release|Any CPU
		{BF6E2A5E-E0C3-4461-8EBE-40F942B4BFC8}.Debug|Any CPU.ActiveCfg = Debug|Any CPU
		{BF6E2A5E-E0C3-4461-8EBE-40F942B4BFC8}.Debug|Any CPU.Build.0 = Debug|Any CPU
		{BF6E2A5E-E0C3-4461-8EBE-40F942B4BFC8}.Debug|ARM.ActiveCfg = Debug|Any CPU
		{BF6E2A5E-E0C3-4461-8EBE-40F942B4BFC8}.Debug|x64.ActiveCfg = Debug|Any CPU
		{BF6E2A5E-E0C3-4461-8EBE-40F942B4BFC8}.Debug|x86.ActiveCfg = Debug|Any CPU
		{BF6E2A5E-E0C3-4461-8EBE-40F942B4BFC8}.Release|Any CPU.ActiveCfg = Release|Any CPU
		{BF6E2A5E-E0C3-4461-8EBE-40F942B4BFC8}.Release|Any CPU.Build.0 = Release|Any CPU
		{BF6E2A5E-E0C3-4461-8EBE-40F942B4BFC8}.Release|ARM.ActiveCfg = Release|Any CPU
		{BF6E2A5E-E0C3-4461-8EBE-40F942B4BFC8}.Release|x64.ActiveCfg = Release|Any CPU
		{BF6E2A5E-E0C3-4461-8EBE-40F942B4BFC8}.Release|x86.ActiveCfg = Release|Any CPU
		{DE60F275-B1B5-40F4-BE3E-35805F42CCE3}.Debug|Any CPU.ActiveCfg = Debug|Any CPU
		{DE60F275-B1B5-40F4-BE3E-35805F42CCE3}.Debug|Any CPU.Build.0 = Debug|Any CPU
		{DE60F275-B1B5-40F4-BE3E-35805F42CCE3}.Debug|ARM.ActiveCfg = Debug|Any CPU
		{DE60F275-B1B5-40F4-BE3E-35805F42CCE3}.Debug|x64.ActiveCfg = Debug|Any CPU
		{DE60F275-B1B5-40F4-BE3E-35805F42CCE3}.Debug|x86.ActiveCfg = Debug|Any CPU
		{DE60F275-B1B5-40F4-BE3E-35805F42CCE3}.Release|Any CPU.ActiveCfg = Release|Any CPU
		{DE60F275-B1B5-40F4-BE3E-35805F42CCE3}.Release|Any CPU.Build.0 = Release|Any CPU
		{DE60F275-B1B5-40F4-BE3E-35805F42CCE3}.Release|ARM.ActiveCfg = Release|Any CPU
		{DE60F275-B1B5-40F4-BE3E-35805F42CCE3}.Release|x64.ActiveCfg = Release|Any CPU
		{DE60F275-B1B5-40F4-BE3E-35805F42CCE3}.Release|x86.ActiveCfg = Release|Any CPU
		{FBEB2733-2B59-4E3F-B1C6-7266953A5961}.Debug|Any CPU.ActiveCfg = Debug|Any CPU
		{FBEB2733-2B59-4E3F-B1C6-7266953A5961}.Debug|Any CPU.Build.0 = Debug|Any CPU
		{FBEB2733-2B59-4E3F-B1C6-7266953A5961}.Debug|ARM.ActiveCfg = Debug|Any CPU
		{FBEB2733-2B59-4E3F-B1C6-7266953A5961}.Debug|x64.ActiveCfg = Debug|Any CPU
		{FBEB2733-2B59-4E3F-B1C6-7266953A5961}.Debug|x86.ActiveCfg = Debug|Any CPU
		{FBEB2733-2B59-4E3F-B1C6-7266953A5961}.Release|Any CPU.ActiveCfg = Release|Any CPU
		{FBEB2733-2B59-4E3F-B1C6-7266953A5961}.Release|Any CPU.Build.0 = Release|Any CPU
		{FBEB2733-2B59-4E3F-B1C6-7266953A5961}.Release|ARM.ActiveCfg = Release|Any CPU
		{FBEB2733-2B59-4E3F-B1C6-7266953A5961}.Release|x64.ActiveCfg = Release|Any CPU
		{FBEB2733-2B59-4E3F-B1C6-7266953A5961}.Release|x86.ActiveCfg = Release|Any CPU
		{31CE0F10-4472-4CFF-B683-44B1F13B8D39}.Debug|Any CPU.ActiveCfg = Debug|Any CPU
		{31CE0F10-4472-4CFF-B683-44B1F13B8D39}.Debug|Any CPU.Build.0 = Debug|Any CPU
		{31CE0F10-4472-4CFF-B683-44B1F13B8D39}.Debug|ARM.ActiveCfg = Debug|Any CPU
		{31CE0F10-4472-4CFF-B683-44B1F13B8D39}.Debug|x64.ActiveCfg = Debug|Any CPU
		{31CE0F10-4472-4CFF-B683-44B1F13B8D39}.Debug|x86.ActiveCfg = Debug|Any CPU
		{31CE0F10-4472-4CFF-B683-44B1F13B8D39}.Release|Any CPU.ActiveCfg = Release|Any CPU
		{31CE0F10-4472-4CFF-B683-44B1F13B8D39}.Release|Any CPU.Build.0 = Release|Any CPU
		{31CE0F10-4472-4CFF-B683-44B1F13B8D39}.Release|ARM.ActiveCfg = Release|Any CPU
		{31CE0F10-4472-4CFF-B683-44B1F13B8D39}.Release|x64.ActiveCfg = Release|Any CPU
		{31CE0F10-4472-4CFF-B683-44B1F13B8D39}.Release|x86.ActiveCfg = Release|Any CPU
		{743F549A-E38C-4703-B15B-DB591610720F}.Debug|Any CPU.ActiveCfg = Debug|x86
		{743F549A-E38C-4703-B15B-DB591610720F}.Debug|Any CPU.Build.0 = Debug|x86
		{743F549A-E38C-4703-B15B-DB591610720F}.Debug|ARM.ActiveCfg = Debug|ARM
		{743F549A-E38C-4703-B15B-DB591610720F}.Debug|ARM.Build.0 = Debug|ARM
		{743F549A-E38C-4703-B15B-DB591610720F}.Debug|ARM.Deploy.0 = Debug|ARM
		{743F549A-E38C-4703-B15B-DB591610720F}.Debug|x64.ActiveCfg = Debug|x64
		{743F549A-E38C-4703-B15B-DB591610720F}.Debug|x64.Build.0 = Debug|x64
		{743F549A-E38C-4703-B15B-DB591610720F}.Debug|x64.Deploy.0 = Debug|x64
		{743F549A-E38C-4703-B15B-DB591610720F}.Debug|x86.ActiveCfg = Debug|x86
		{743F549A-E38C-4703-B15B-DB591610720F}.Debug|x86.Build.0 = Debug|x86
		{743F549A-E38C-4703-B15B-DB591610720F}.Debug|x86.Deploy.0 = Debug|x86
		{743F549A-E38C-4703-B15B-DB591610720F}.Release|Any CPU.ActiveCfg = Release|x86
		{743F549A-E38C-4703-B15B-DB591610720F}.Release|Any CPU.Build.0 = Release|x86
		{743F549A-E38C-4703-B15B-DB591610720F}.Release|Any CPU.Deploy.0 = Release|x86
		{743F549A-E38C-4703-B15B-DB591610720F}.Release|ARM.ActiveCfg = Release|ARM
		{743F549A-E38C-4703-B15B-DB591610720F}.Release|ARM.Build.0 = Release|ARM
		{743F549A-E38C-4703-B15B-DB591610720F}.Release|ARM.Deploy.0 = Release|ARM
		{743F549A-E38C-4703-B15B-DB591610720F}.Release|x64.ActiveCfg = Release|x64
		{743F549A-E38C-4703-B15B-DB591610720F}.Release|x64.Build.0 = Release|x64
		{743F549A-E38C-4703-B15B-DB591610720F}.Release|x64.Deploy.0 = Release|x64
		{743F549A-E38C-4703-B15B-DB591610720F}.Release|x86.ActiveCfg = Release|x86
		{743F549A-E38C-4703-B15B-DB591610720F}.Release|x86.Build.0 = Release|x86
		{743F549A-E38C-4703-B15B-DB591610720F}.Release|x86.Deploy.0 = Release|x86
		{62DC5FA6-1DF0-4D73-9CA7-E8D316176256}.Debug|Any CPU.ActiveCfg = Debug|Any CPU
		{62DC5FA6-1DF0-4D73-9CA7-E8D316176256}.Debug|Any CPU.Build.0 = Debug|Any CPU
		{62DC5FA6-1DF0-4D73-9CA7-E8D316176256}.Debug|ARM.ActiveCfg = Debug|Any CPU
		{62DC5FA6-1DF0-4D73-9CA7-E8D316176256}.Debug|ARM.Build.0 = Debug|Any CPU
		{62DC5FA6-1DF0-4D73-9CA7-E8D316176256}.Debug|x64.ActiveCfg = Debug|Any CPU
		{62DC5FA6-1DF0-4D73-9CA7-E8D316176256}.Debug|x64.Build.0 = Debug|Any CPU
		{62DC5FA6-1DF0-4D73-9CA7-E8D316176256}.Debug|x86.ActiveCfg = Debug|Any CPU
		{62DC5FA6-1DF0-4D73-9CA7-E8D316176256}.Debug|x86.Build.0 = Debug|Any CPU
		{62DC5FA6-1DF0-4D73-9CA7-E8D316176256}.Release|Any CPU.ActiveCfg = Release|Any CPU
		{62DC5FA6-1DF0-4D73-9CA7-E8D316176256}.Release|Any CPU.Build.0 = Release|Any CPU
		{62DC5FA6-1DF0-4D73-9CA7-E8D316176256}.Release|ARM.ActiveCfg = Release|Any CPU
		{62DC5FA6-1DF0-4D73-9CA7-E8D316176256}.Release|ARM.Build.0 = Release|Any CPU
		{62DC5FA6-1DF0-4D73-9CA7-E8D316176256}.Release|x64.ActiveCfg = Release|Any CPU
		{62DC5FA6-1DF0-4D73-9CA7-E8D316176256}.Release|x64.Build.0 = Release|Any CPU
		{62DC5FA6-1DF0-4D73-9CA7-E8D316176256}.Release|x86.ActiveCfg = Release|Any CPU
		{62DC5FA6-1DF0-4D73-9CA7-E8D316176256}.Release|x86.Build.0 = Release|Any CPU
	EndGlobalSection
	GlobalSection(SolutionProperties) = preSolution
		HideSolutionNode = FALSE
	EndGlobalSection
	GlobalSection(NestedProjects) = preSolution
		{C70FCED0-315F-4D3E-A09A-4101D1E80BEB} = {34A40E3A-AE7A-4CE2-A21D-E3E607296019}
		{350F1B63-533B-423E-8327-A65543322AFE} = {34A40E3A-AE7A-4CE2-A21D-E3E607296019}
		{22F3BF86-B040-4065-A332-9745E8111F10} = {34A40E3A-AE7A-4CE2-A21D-E3E607296019}
		{C8249921-CAD7-471E-AB09-44CDF411851D} = {34A40E3A-AE7A-4CE2-A21D-E3E607296019}
		{62DC5FA6-1DF0-4D73-9CA7-E8D316176256} = {34A40E3A-AE7A-4CE2-A21D-E3E607296019}
	EndGlobalSection
	GlobalSection(ExtensibilityGlobals) = postSolution
		SolutionGuid = {C660EE75-966D-482F-94B7-80C17779888F}
	EndGlobalSection
EndGlobal
