
Microsoft Visual Studio Solution File, Format Version 12.00
# Visual Studio Express 2012 for Windows Desktop
Project("{FAE04EC0-301F-11D3-BF4B-00C04F79EFBC}") = "Dominion", "Dominion\Dominion.csproj", "{D4A4D420-486E-489D-9DB6-7FCBA7D63359}"
EndProject
Project("{FAE04EC0-301F-11D3-BF4B-00C04F79EFBC}") = "TestProgram", "TestProgram\TestProgram.csproj", "{350F1B63-533B-423E-8327-A65543322AFE}"
EndProject
Project("{FAE04EC0-301F-11D3-BF4B-00C04F79EFBC}") = "Dominion.Strategy", "Dominion.Strategy\Dominion.Strategy.csproj", "{6816A653-B44F-4614-B228-8C70D6747CA0}"
EndProject
Global
	GlobalSection(SolutionConfigurationPlatforms) = preSolution
		Debug|Any CPU = Debug|Any CPU
		Release|Any CPU = Release|Any CPU
	EndGlobalSection
	GlobalSection(ProjectConfigurationPlatforms) = postSolution
		{D4A4D420-486E-489D-9DB6-7FCBA7D63359}.Debug|Any CPU.ActiveCfg = Debug|Any CPU
		{D4A4D420-486E-489D-9DB6-7FCBA7D63359}.Debug|Any CPU.Build.0 = Debug|Any CPU
		{D4A4D420-486E-489D-9DB6-7FCBA7D63359}.Release|Any CPU.ActiveCfg = Release|Any CPU
		{D4A4D420-486E-489D-9DB6-7FCBA7D63359}.Release|Any CPU.Build.0 = Release|Any CPU
		{350F1B63-533B-423E-8327-A65543322AFE}.Debug|Any CPU.ActiveCfg = Debug|Any CPU
		{350F1B63-533B-423E-8327-A65543322AFE}.Debug|Any CPU.Build.0 = Debug|Any CPU
		{350F1B63-533B-423E-8327-A65543322AFE}.Release|Any CPU.ActiveCfg = Release|Any CPU
		{350F1B63-533B-423E-8327-A65543322AFE}.Release|Any CPU.Build.0 = Release|Any CPU
		{6816A653-B44F-4614-B228-8C70D6747CA0}.Debug|Any CPU.ActiveCfg = Debug|Any CPU
		{6816A653-B44F-4614-B228-8C70D6747CA0}.Debug|Any CPU.Build.0 = Debug|Any CPU
		{6816A653-B44F-4614-B228-8C70D6747CA0}.Release|Any CPU.ActiveCfg = Release|Any CPU
		{6816A653-B44F-4614-B228-8C70D6747CA0}.Release|Any CPU.Build.0 = Release|Any CPU
	EndGlobalSection
	GlobalSection(SolutionProperties) = preSolution
		HideSolutionNode = FALSE
	EndGlobalSection
EndGlobal
