
Microsoft Visual Studio Solution File, Format Version 12.00
# Visual Studio 2013
VisualStudioVersion = 12.0.31101.0
MinimumVisualStudioVersion = 10.0.40219.1
Project("{FAE04EC0-301F-11D3-BF4B-00C04F79EFBC}") = "WebService", "WebService\WebService.csproj", "{630872C0-2437-4A8F-81D5-1369098BB16B}"
EndProject
Project("{FAE04EC0-301F-11D3-BF4B-00C04F79EFBC}") = "Dominion.DynamicStrategyLoader", "DynamicStrategyLoader\Dominion.DynamicStrategyLoader.csproj", "{56774744-F31A-4F22-A6FF-89C7488D243C}"
EndProject
Project("{FAE04EC0-301F-11D3-BF4B-00C04F79EFBC}") = "Resources", "Resources\Resources.csproj", "{197A9851-301C-4DF5-9799-C34BFB7B6B34}"
EndProject
Project("{FAE04EC0-301F-11D3-BF4B-00C04F79EFBC}") = "Dominion.BuiltInStrategies", "BuiltInStrategies\Dominion.BuiltInStrategies.csproj", "{ECFFDBDF-F966-4076-98F9-9366DAB6D7CD}"
EndProject
Project("{FAE04EC0-301F-11D3-BF4B-00C04F79EFBC}") = "Dominion.Strategy.Optimizer", "Dominion.StrategyOptimizer\Dominion.Strategy.Optimizer.csproj", "{7636A8DF-B2A9-4598-A7EF-D4F4DCF5AC9A}"
EndProject
Project("{FAE04EC0-301F-11D3-BF4B-00C04F79EFBC}") = "TestOutput", "TestOutput\TestOutput.csproj", "{B75DCC9F-3A30-4934-B10B-11EFB7049CFB}"
EndProject
Project("{2150E333-8FDC-42A3-9474-1A3956D46DE8}") = "TestPrograms", "TestPrograms", "{34A40E3A-AE7A-4CE2-A21D-E3E607296019}"
EndProject
Project("{FAE04EC0-301F-11D3-BF4B-00C04F79EFBC}") = "TestStrategyOptimizer", "TestPrograms\TestStrategyOptimizer\TestStrategyOptimizer.csproj", "{C70FCED0-315F-4D3E-A09A-4101D1E80BEB}"
EndProject
Project("{FAE04EC0-301F-11D3-BF4B-00C04F79EFBC}") = "ComparePlayers", "TestPrograms\ComparePlayers\ComparePlayers.csproj", "{350F1B63-533B-423E-8327-A65543322AFE}"
EndProject
Project("{FAE04EC0-301F-11D3-BF4B-00C04F79EFBC}") = "TestCompareStrategyVsAllKnownStrategies", "TestPrograms\TestCompareStrategyVsAllKnownStrategies\TestCompareStrategyVsAllKnownStrategies.csproj", "{22F3BF86-B040-4065-A332-9745E8111F10}"
EndProject
Project("{FAE04EC0-301F-11D3-BF4B-00C04F79EFBC}") = "TestAllCardsWithBigMoney", "TestPrograms\TestAllCardsWithBigMoney\TestAllCardsWithBigMoney.csproj", "{C8249921-CAD7-471E-AB09-44CDF411851D}"
EndProject
Project("{2150E333-8FDC-42A3-9474-1A3956D46DE8}") = "Solution Items", "Solution Items", "{6E0915B4-D60A-40A8-9889-F70788BC4C5C}"
	ProjectSection(SolutionItems) = preProject
		README.md = README.md
	EndProjectSection
EndProject
Project("{FAE04EC0-301F-11D3-BF4B-00C04F79EFBC}") = "Dominion.Portable", "Dominion\Dominion.Portable.csproj", "{BF6E2A5E-E0C3-4461-8EBE-40F942B4BFC8}"
EndProject
Project("{FAE04EC0-301F-11D3-BF4B-00C04F79EFBC}") = "Dominion.Strategy.Portable", "Dominion.Strategy\Dominion.Strategy.Portable.csproj", "{DE60F275-B1B5-40F4-BE3E-35805F42CCE3}"
EndProject
Project("{FAE04EC0-301F-11D3-BF4B-00C04F79EFBC}") = "Dominion.DataGathering.Portable", "DataGathering\Dominion.DataGathering.Portable.csproj", "{FBEB2733-2B59-4E3F-B1C6-7266953A5961}"
EndProject
Project("{FAE04EC0-301F-11D3-BF4B-00C04F79EFBC}") = "HtmlRenderer", "HtmlRenderer\HtmlRenderer.csproj", "{31CE0F10-4472-4CFF-B683-44B1F13B8D39}"
EndProject
Global
	GlobalSection(SolutionConfigurationPlatforms) = preSolution
		Debug|Any CPU = Debug|Any CPU
		Release|Any CPU = Release|Any CPU
	EndGlobalSection
	GlobalSection(ProjectConfigurationPlatforms) = postSolution
		{630872C0-2437-4A8F-81D5-1369098BB16B}.Debug|Any CPU.ActiveCfg = Debug|Any CPU
		{630872C0-2437-4A8F-81D5-1369098BB16B}.Debug|Any CPU.Build.0 = Debug|Any CPU
		{630872C0-2437-4A8F-81D5-1369098BB16B}.Release|Any CPU.ActiveCfg = Release|Any CPU
		{630872C0-2437-4A8F-81D5-1369098BB16B}.Release|Any CPU.Build.0 = Release|Any CPU
		{56774744-F31A-4F22-A6FF-89C7488D243C}.Debug|Any CPU.ActiveCfg = Debug|Any CPU
		{56774744-F31A-4F22-A6FF-89C7488D243C}.Debug|Any CPU.Build.0 = Debug|Any CPU
		{56774744-F31A-4F22-A6FF-89C7488D243C}.Release|Any CPU.ActiveCfg = Release|Any CPU
		{56774744-F31A-4F22-A6FF-89C7488D243C}.Release|Any CPU.Build.0 = Release|Any CPU
		{197A9851-301C-4DF5-9799-C34BFB7B6B34}.Debug|Any CPU.ActiveCfg = Debug|Any CPU
		{197A9851-301C-4DF5-9799-C34BFB7B6B34}.Debug|Any CPU.Build.0 = Debug|Any CPU
		{197A9851-301C-4DF5-9799-C34BFB7B6B34}.Release|Any CPU.ActiveCfg = Release|Any CPU
		{197A9851-301C-4DF5-9799-C34BFB7B6B34}.Release|Any CPU.Build.0 = Release|Any CPU
		{ECFFDBDF-F966-4076-98F9-9366DAB6D7CD}.Debug|Any CPU.ActiveCfg = Debug|Any CPU
		{ECFFDBDF-F966-4076-98F9-9366DAB6D7CD}.Debug|Any CPU.Build.0 = Debug|Any CPU
		{ECFFDBDF-F966-4076-98F9-9366DAB6D7CD}.Release|Any CPU.ActiveCfg = Release|Any CPU
		{ECFFDBDF-F966-4076-98F9-9366DAB6D7CD}.Release|Any CPU.Build.0 = Release|Any CPU
		{7636A8DF-B2A9-4598-A7EF-D4F4DCF5AC9A}.Debug|Any CPU.ActiveCfg = Debug|Any CPU
		{7636A8DF-B2A9-4598-A7EF-D4F4DCF5AC9A}.Debug|Any CPU.Build.0 = Debug|Any CPU
		{7636A8DF-B2A9-4598-A7EF-D4F4DCF5AC9A}.Release|Any CPU.ActiveCfg = Release|Any CPU
		{7636A8DF-B2A9-4598-A7EF-D4F4DCF5AC9A}.Release|Any CPU.Build.0 = Release|Any CPU
		{B75DCC9F-3A30-4934-B10B-11EFB7049CFB}.Debug|Any CPU.ActiveCfg = Debug|Any CPU
		{B75DCC9F-3A30-4934-B10B-11EFB7049CFB}.Debug|Any CPU.Build.0 = Debug|Any CPU
		{B75DCC9F-3A30-4934-B10B-11EFB7049CFB}.Release|Any CPU.ActiveCfg = Release|Any CPU
		{B75DCC9F-3A30-4934-B10B-11EFB7049CFB}.Release|Any CPU.Build.0 = Release|Any CPU
		{C70FCED0-315F-4D3E-A09A-4101D1E80BEB}.Debug|Any CPU.ActiveCfg = Debug|Any CPU
		{C70FCED0-315F-4D3E-A09A-4101D1E80BEB}.Debug|Any CPU.Build.0 = Debug|Any CPU
		{C70FCED0-315F-4D3E-A09A-4101D1E80BEB}.Release|Any CPU.ActiveCfg = Release|Any CPU
		{C70FCED0-315F-4D3E-A09A-4101D1E80BEB}.Release|Any CPU.Build.0 = Release|Any CPU
		{350F1B63-533B-423E-8327-A65543322AFE}.Debug|Any CPU.ActiveCfg = Debug|Any CPU
		{350F1B63-533B-423E-8327-A65543322AFE}.Debug|Any CPU.Build.0 = Debug|Any CPU
		{350F1B63-533B-423E-8327-A65543322AFE}.Release|Any CPU.ActiveCfg = Release|Any CPU
		{350F1B63-533B-423E-8327-A65543322AFE}.Release|Any CPU.Build.0 = Release|Any CPU
		{22F3BF86-B040-4065-A332-9745E8111F10}.Debug|Any CPU.ActiveCfg = Debug|Any CPU
		{22F3BF86-B040-4065-A332-9745E8111F10}.Debug|Any CPU.Build.0 = Debug|Any CPU
		{22F3BF86-B040-4065-A332-9745E8111F10}.Release|Any CPU.ActiveCfg = Release|Any CPU
		{22F3BF86-B040-4065-A332-9745E8111F10}.Release|Any CPU.Build.0 = Release|Any CPU
		{C8249921-CAD7-471E-AB09-44CDF411851D}.Debug|Any CPU.ActiveCfg = Debug|Any CPU
		{C8249921-CAD7-471E-AB09-44CDF411851D}.Debug|Any CPU.Build.0 = Debug|Any CPU
		{C8249921-CAD7-471E-AB09-44CDF411851D}.Release|Any CPU.ActiveCfg = Release|Any CPU
		{C8249921-CAD7-471E-AB09-44CDF411851D}.Release|Any CPU.Build.0 = Release|Any CPU
		{BF6E2A5E-E0C3-4461-8EBE-40F942B4BFC8}.Debug|Any CPU.ActiveCfg = Debug|Any CPU
		{BF6E2A5E-E0C3-4461-8EBE-40F942B4BFC8}.Debug|Any CPU.Build.0 = Debug|Any CPU
		{BF6E2A5E-E0C3-4461-8EBE-40F942B4BFC8}.Release|Any CPU.ActiveCfg = Release|Any CPU
		{BF6E2A5E-E0C3-4461-8EBE-40F942B4BFC8}.Release|Any CPU.Build.0 = Release|Any CPU
		{DE60F275-B1B5-40F4-BE3E-35805F42CCE3}.Debug|Any CPU.ActiveCfg = Debug|Any CPU
		{DE60F275-B1B5-40F4-BE3E-35805F42CCE3}.Debug|Any CPU.Build.0 = Debug|Any CPU
		{DE60F275-B1B5-40F4-BE3E-35805F42CCE3}.Release|Any CPU.ActiveCfg = Release|Any CPU
		{DE60F275-B1B5-40F4-BE3E-35805F42CCE3}.Release|Any CPU.Build.0 = Release|Any CPU
		{FBEB2733-2B59-4E3F-B1C6-7266953A5961}.Debug|Any CPU.ActiveCfg = Debug|Any CPU
		{FBEB2733-2B59-4E3F-B1C6-7266953A5961}.Debug|Any CPU.Build.0 = Debug|Any CPU
		{FBEB2733-2B59-4E3F-B1C6-7266953A5961}.Release|Any CPU.ActiveCfg = Release|Any CPU
		{FBEB2733-2B59-4E3F-B1C6-7266953A5961}.Release|Any CPU.Build.0 = Release|Any CPU
		{31CE0F10-4472-4CFF-B683-44B1F13B8D39}.Debug|Any CPU.ActiveCfg = Debug|Any CPU
		{31CE0F10-4472-4CFF-B683-44B1F13B8D39}.Debug|Any CPU.Build.0 = Debug|Any CPU
		{31CE0F10-4472-4CFF-B683-44B1F13B8D39}.Release|Any CPU.ActiveCfg = Release|Any CPU
		{31CE0F10-4472-4CFF-B683-44B1F13B8D39}.Release|Any CPU.Build.0 = Release|Any CPU
	EndGlobalSection
	GlobalSection(SolutionProperties) = preSolution
		HideSolutionNode = FALSE
	EndGlobalSection
	GlobalSection(NestedProjects) = preSolution
		{C70FCED0-315F-4D3E-A09A-4101D1E80BEB} = {34A40E3A-AE7A-4CE2-A21D-E3E607296019}
		{350F1B63-533B-423E-8327-A65543322AFE} = {34A40E3A-AE7A-4CE2-A21D-E3E607296019}
		{22F3BF86-B040-4065-A332-9745E8111F10} = {34A40E3A-AE7A-4CE2-A21D-E3E607296019}
		{C8249921-CAD7-471E-AB09-44CDF411851D} = {34A40E3A-AE7A-4CE2-A21D-E3E607296019}
	EndGlobalSection
EndGlobal
